
Microsoft Visual Studio Solution File, Format Version 12.00
# Visual Studio 15
VisualStudioVersion = 15.0.28307.329
MinimumVisualStudioVersion = 10.0.40219.1
Project("{FAE04EC0-301F-11D3-BF4B-00C04F79EFBC}") = "MvcLivroRepo", "MvcLivroRepo\MvcLivroRepo.csproj", "{4408F46D-3DEB-4FF6-848E-6C585F4B4F56}"
EndProject
Global
	GlobalSection(SolutionConfigurationPlatforms) = preSolution
		Debug|Any CPU = Debug|Any CPU
		Release|Any CPU = Release|Any CPU
	EndGlobalSection
	GlobalSection(ProjectConfigurationPlatforms) = postSolution
		{4408F46D-3DEB-4FF6-848E-6C585F4B4F56}.Debug|Any CPU.ActiveCfg = Debug|Any CPU
		{4408F46D-3DEB-4FF6-848E-6C585F4B4F56}.Debug|Any CPU.Build.0 = Debug|Any CPU
		{4408F46D-3DEB-4FF6-848E-6C585F4B4F56}.Release|Any CPU.ActiveCfg = Release|Any CPU
		{4408F46D-3DEB-4FF6-848E-6C585F4B4F56}.Release|Any CPU.Build.0 = Release|Any CPU
	EndGlobalSection
	GlobalSection(SolutionProperties) = preSolution
		HideSolutionNode = FALSE
	EndGlobalSection
	GlobalSection(ExtensibilityGlobals) = postSolution
		SolutionGuid = {EAB04401-748E-4FBB-9998-A09DDC6EF959}
	EndGlobalSection
EndGlobal
