
Microsoft Visual Studio Solution File, Format Version 12.00
# Visual Studio 15
VisualStudioVersion = 15.0.28307.329
MinimumVisualStudioVersion = 10.0.40219.1
Project("{FAE04EC0-301F-11D3-BF4B-00C04F79EFBC}") = "WebAppEstudanteMD", "WebAppEstudanteMD\WebAppEstudanteMD.csproj", "{0A855D04-AC6D-4E56-9206-D7D5A4B3B9D4}"
EndProject
Global
	GlobalSection(SolutionConfigurationPlatforms) = preSolution
		Debug|Any CPU = Debug|Any CPU
		Release|Any CPU = Release|Any CPU
	EndGlobalSection
	GlobalSection(ProjectConfigurationPlatforms) = postSolution
		{0A855D04-AC6D-4E56-9206-D7D5A4B3B9D4}.Debug|Any CPU.ActiveCfg = Debug|Any CPU
		{0A855D04-AC6D-4E56-9206-D7D5A4B3B9D4}.Debug|Any CPU.Build.0 = Debug|Any CPU
		{0A855D04-AC6D-4E56-9206-D7D5A4B3B9D4}.Release|Any CPU.ActiveCfg = Release|Any CPU
		{0A855D04-AC6D-4E56-9206-D7D5A4B3B9D4}.Release|Any CPU.Build.0 = Release|Any CPU
	EndGlobalSection
	GlobalSection(SolutionProperties) = preSolution
		HideSolutionNode = FALSE
	EndGlobalSection
	GlobalSection(ExtensibilityGlobals) = postSolution
		SolutionGuid = {497D4712-FEBF-4FD5-98BE-6966941972BA}
	EndGlobalSection
EndGlobal
